
Microsoft Visual Studio Solution File, Format Version 12.00
# Visual Studio Version 16
VisualStudioVersion = 16.0.30621.155
MinimumVisualStudioVersion = 10.0.40219.1
Project("{FAE04EC0-301F-11D3-BF4B-00C04F79EFBC}") = "B2C.Spa", "B2C.Spa\B2C.Spa.csproj", "{2C18B257-60D0-4EB9-8FFD-EAED35CED67A}"
EndProject
Global
	GlobalSection(SolutionConfigurationPlatforms) = preSolution
		Debug|Any CPU = Debug|Any CPU
		Release|Any CPU = Release|Any CPU
	EndGlobalSection
	GlobalSection(ProjectConfigurationPlatforms) = postSolution
		{2C18B257-60D0-4EB9-8FFD-EAED35CED67A}.Debug|Any CPU.ActiveCfg = Debug|Any CPU
		{2C18B257-60D0-4EB9-8FFD-EAED35CED67A}.Debug|Any CPU.Build.0 = Debug|Any CPU
		{2C18B257-60D0-4EB9-8FFD-EAED35CED67A}.Release|Any CPU.ActiveCfg = Release|Any CPU
		{2C18B257-60D0-4EB9-8FFD-EAED35CED67A}.Release|Any CPU.Build.0 = Release|Any CPU
	EndGlobalSection
	GlobalSection(SolutionProperties) = preSolution
		HideSolutionNode = FALSE
	EndGlobalSection
	GlobalSection(ExtensibilityGlobals) = postSolution
		SolutionGuid = {35F85E92-38AB-4E65-B86D-18FF61757B8F}
	EndGlobalSection
EndGlobal
